
Microsoft Visual Studio Solution File, Format Version 12.00
# Visual Studio Version 16
VisualStudioVersion = 16.0.29102.190
MinimumVisualStudioVersion = 10.0.40219.1
Project("{FAE04EC0-301F-11D3-BF4B-00C04F79EFBC}") = "Shoes_Store", "Shoes_Store.csproj", "{055D43D0-18EB-400F-A913-B85391E2E6D4}"
EndProject
Project("{FAE04EC0-301F-11D3-BF4B-00C04F79EFBC}") = "Shoes_Store.Data", "..\Shoes_Store.Data\Shoes_Store.Data.csproj", "{475785ED-31BA-490A-B651-6C0B750B7E18}"
EndProject
Project("{FAE04EC0-301F-11D3-BF4B-00C04F79EFBC}") = "Shoes_Store.Ultility", "..\Shoes_Store.Ultility\Shoes_Store.Ultility.csproj", "{FF50AFE3-9D47-4294-8211-5221695F04BA}"
EndProject
Global
	GlobalSection(SolutionConfigurationPlatforms) = preSolution
		Debug|Any CPU = Debug|Any CPU
		Release|Any CPU = Release|Any CPU
	EndGlobalSection
	GlobalSection(ProjectConfigurationPlatforms) = postSolution
		{055D43D0-18EB-400F-A913-B85391E2E6D4}.Debug|Any CPU.ActiveCfg = Debug|Any CPU
		{055D43D0-18EB-400F-A913-B85391E2E6D4}.Debug|Any CPU.Build.0 = Debug|Any CPU
		{055D43D0-18EB-400F-A913-B85391E2E6D4}.Release|Any CPU.ActiveCfg = Release|Any CPU
		{055D43D0-18EB-400F-A913-B85391E2E6D4}.Release|Any CPU.Build.0 = Release|Any CPU
		{475785ED-31BA-490A-B651-6C0B750B7E18}.Debug|Any CPU.ActiveCfg = Debug|Any CPU
		{475785ED-31BA-490A-B651-6C0B750B7E18}.Debug|Any CPU.Build.0 = Debug|Any CPU
		{475785ED-31BA-490A-B651-6C0B750B7E18}.Release|Any CPU.ActiveCfg = Release|Any CPU
		{475785ED-31BA-490A-B651-6C0B750B7E18}.Release|Any CPU.Build.0 = Release|Any CPU
		{FF50AFE3-9D47-4294-8211-5221695F04BA}.Debug|Any CPU.ActiveCfg = Debug|Any CPU
		{FF50AFE3-9D47-4294-8211-5221695F04BA}.Debug|Any CPU.Build.0 = Debug|Any CPU
		{FF50AFE3-9D47-4294-8211-5221695F04BA}.Release|Any CPU.ActiveCfg = Release|Any CPU
		{FF50AFE3-9D47-4294-8211-5221695F04BA}.Release|Any CPU.Build.0 = Release|Any CPU
	EndGlobalSection
	GlobalSection(SolutionProperties) = preSolution
		HideSolutionNode = FALSE
	EndGlobalSection
	GlobalSection(ExtensibilityGlobals) = postSolution
		SolutionGuid = {2DF34F28-FE57-4692-B573-8D21F3B3E0B3}
	EndGlobalSection
EndGlobal
